
Microsoft Visual Studio Solution File, Format Version 12.00
# Visual Studio Version 16
VisualStudioVersion = 16.0.30621.155
MinimumVisualStudioVersion = 10.0.40219.1
Project("{FAE04EC0-301F-11D3-BF4B-00C04F79EFBC}") = "MTC", "MTC\MTC.csproj", "{251C4AB7-5D52-49BA-8D1F-8C0ED42EE45B}"
EndProject
Global
	GlobalSection(SolutionConfigurationPlatforms) = preSolution
		Debug|Any CPU = Debug|Any CPU
		Release|Any CPU = Release|Any CPU
	EndGlobalSection
	GlobalSection(ProjectConfigurationPlatforms) = postSolution
		{251C4AB7-5D52-49BA-8D1F-8C0ED42EE45B}.Debug|Any CPU.ActiveCfg = Debug|Any CPU
		{251C4AB7-5D52-49BA-8D1F-8C0ED42EE45B}.Debug|Any CPU.Build.0 = Debug|Any CPU
		{251C4AB7-5D52-49BA-8D1F-8C0ED42EE45B}.Release|Any CPU.ActiveCfg = Release|Any CPU
		{251C4AB7-5D52-49BA-8D1F-8C0ED42EE45B}.Release|Any CPU.Build.0 = Release|Any CPU
	EndGlobalSection
	GlobalSection(SolutionProperties) = preSolution
		HideSolutionNode = FALSE
	EndGlobalSection
	GlobalSection(ExtensibilityGlobals) = postSolution
		SolutionGuid = {A63069BC-1609-4ADD-863D-72390E699843}
	EndGlobalSection
EndGlobal
